
Microsoft Visual Studio Solution File, Format Version 12.00
# Visual Studio Version 17
VisualStudioVersion = 17.0.31912.275
MinimumVisualStudioVersion = 10.0.40219.1
Project("{9A19103F-16F7-4668-BE54-9A1E7A4F7556}") = "MyFirstMVCApp", "MyFirstMVCApp\MyFirstMVCApp.csproj", "{4CE8D5D6-BA0C-4CF7-A4F8-495620F34B00}"
EndProject
Project("{9A19103F-16F7-4668-BE54-9A1E7A4F7556}") = "LINQ", "LINQ\LINQ.csproj", "{44B2FF12-40A6-4B3C-B852-6BA085DB844B}"
EndProject
Project("{9A19103F-16F7-4668-BE54-9A1E7A4F7556}") = "LINQcz2", "LINQcz2\LINQcz2.csproj", "{FEE15D21-B08C-437B-B2B8-09C0A2AE03C0}"
EndProject
Project("{9A19103F-16F7-4668-BE54-9A1E7A4F7556}") = "CwiczenieAPI", "CwiczenieAPI\CwiczenieAPI.csproj", "{2CC6085E-EC51-4E65-A72B-E1B9EDCE3220}"
EndProject
Project("{9A19103F-16F7-4668-BE54-9A1E7A4F7556}") = "WeatherForecastAPI", "WeatherForecastAPI\WeatherForecastAPI.csproj", "{C73D0A21-43DE-4BA1-95F1-FE11FFE20250}"
EndProject
Project("{9A19103F-16F7-4668-BE54-9A1E7A4F7556}") = "Lab1Buzowicz", "Lab1Buzowicz\Lab1Buzowicz.csproj", "{1C1EAE11-24C4-4F01-914A-63EB5F9563CC}"
EndProject
Project("{9A19103F-16F7-4668-BE54-9A1E7A4F7556}") = "ASP_NET_101", "ASP_NET_101\ASP_NET_101.csproj", "{29F91CDC-2593-4A73-81B4-B513B674DCE0}"
EndProject
Project("{9A19103F-16F7-4668-BE54-9A1E7A4F7556}") = "Lab2Buzowicz", "Lab2Buzowicz\Lab2Buzowicz.csproj", "{F2ABDA32-2E99-4A97-8514-34C287EB7D73}"
EndProject
Project("{9A19103F-16F7-4668-BE54-9A1E7A4F7556}") = "Lab3Buzowicz", "Lab3Buzowicz\Lab3Buzowicz.csproj", "{091271DA-91E5-4F37-BCD4-3679DDE3652A}"
EndProject
Project("{FAE04EC0-301F-11D3-BF4B-00C04F79EFBC}") = "Lab4Buzowicz", "Lab4Buzowicz\Lab4Buzowicz.csproj", "{03015F3A-6BAF-4DAF-9867-0C1A8E1FE2B8}"
EndProject
Global
	GlobalSection(SolutionConfigurationPlatforms) = preSolution
		Debug|Any CPU = Debug|Any CPU
		Release|Any CPU = Release|Any CPU
	EndGlobalSection
	GlobalSection(ProjectConfigurationPlatforms) = postSolution
		{4CE8D5D6-BA0C-4CF7-A4F8-495620F34B00}.Debug|Any CPU.ActiveCfg = Debug|Any CPU
		{4CE8D5D6-BA0C-4CF7-A4F8-495620F34B00}.Debug|Any CPU.Build.0 = Debug|Any CPU
		{4CE8D5D6-BA0C-4CF7-A4F8-495620F34B00}.Release|Any CPU.ActiveCfg = Release|Any CPU
		{4CE8D5D6-BA0C-4CF7-A4F8-495620F34B00}.Release|Any CPU.Build.0 = Release|Any CPU
		{44B2FF12-40A6-4B3C-B852-6BA085DB844B}.Debug|Any CPU.ActiveCfg = Debug|Any CPU
		{44B2FF12-40A6-4B3C-B852-6BA085DB844B}.Debug|Any CPU.Build.0 = Debug|Any CPU
		{44B2FF12-40A6-4B3C-B852-6BA085DB844B}.Release|Any CPU.ActiveCfg = Release|Any CPU
		{44B2FF12-40A6-4B3C-B852-6BA085DB844B}.Release|Any CPU.Build.0 = Release|Any CPU
		{FEE15D21-B08C-437B-B2B8-09C0A2AE03C0}.Debug|Any CPU.ActiveCfg = Debug|Any CPU
		{FEE15D21-B08C-437B-B2B8-09C0A2AE03C0}.Debug|Any CPU.Build.0 = Debug|Any CPU
		{FEE15D21-B08C-437B-B2B8-09C0A2AE03C0}.Release|Any CPU.ActiveCfg = Release|Any CPU
		{FEE15D21-B08C-437B-B2B8-09C0A2AE03C0}.Release|Any CPU.Build.0 = Release|Any CPU
		{2CC6085E-EC51-4E65-A72B-E1B9EDCE3220}.Debug|Any CPU.ActiveCfg = Debug|Any CPU
		{2CC6085E-EC51-4E65-A72B-E1B9EDCE3220}.Debug|Any CPU.Build.0 = Debug|Any CPU
		{2CC6085E-EC51-4E65-A72B-E1B9EDCE3220}.Release|Any CPU.ActiveCfg = Release|Any CPU
		{2CC6085E-EC51-4E65-A72B-E1B9EDCE3220}.Release|Any CPU.Build.0 = Release|Any CPU
		{C73D0A21-43DE-4BA1-95F1-FE11FFE20250}.Debug|Any CPU.ActiveCfg = Debug|Any CPU
		{C73D0A21-43DE-4BA1-95F1-FE11FFE20250}.Debug|Any CPU.Build.0 = Debug|Any CPU
		{C73D0A21-43DE-4BA1-95F1-FE11FFE20250}.Release|Any CPU.ActiveCfg = Release|Any CPU
		{C73D0A21-43DE-4BA1-95F1-FE11FFE20250}.Release|Any CPU.Build.0 = Release|Any CPU
		{1C1EAE11-24C4-4F01-914A-63EB5F9563CC}.Debug|Any CPU.ActiveCfg = Debug|Any CPU
		{1C1EAE11-24C4-4F01-914A-63EB5F9563CC}.Debug|Any CPU.Build.0 = Debug|Any CPU
		{1C1EAE11-24C4-4F01-914A-63EB5F9563CC}.Release|Any CPU.ActiveCfg = Release|Any CPU
		{1C1EAE11-24C4-4F01-914A-63EB5F9563CC}.Release|Any CPU.Build.0 = Release|Any CPU
		{29F91CDC-2593-4A73-81B4-B513B674DCE0}.Debug|Any CPU.ActiveCfg = Debug|Any CPU
		{29F91CDC-2593-4A73-81B4-B513B674DCE0}.Debug|Any CPU.Build.0 = Debug|Any CPU
		{29F91CDC-2593-4A73-81B4-B513B674DCE0}.Release|Any CPU.ActiveCfg = Release|Any CPU
		{29F91CDC-2593-4A73-81B4-B513B674DCE0}.Release|Any CPU.Build.0 = Release|Any CPU
		{F2ABDA32-2E99-4A97-8514-34C287EB7D73}.Debug|Any CPU.ActiveCfg = Debug|Any CPU
		{F2ABDA32-2E99-4A97-8514-34C287EB7D73}.Debug|Any CPU.Build.0 = Debug|Any CPU
		{F2ABDA32-2E99-4A97-8514-34C287EB7D73}.Release|Any CPU.ActiveCfg = Release|Any CPU
		{F2ABDA32-2E99-4A97-8514-34C287EB7D73}.Release|Any CPU.Build.0 = Release|Any CPU
		{091271DA-91E5-4F37-BCD4-3679DDE3652A}.Debug|Any CPU.ActiveCfg = Debug|Any CPU
		{091271DA-91E5-4F37-BCD4-3679DDE3652A}.Debug|Any CPU.Build.0 = Debug|Any CPU
		{091271DA-91E5-4F37-BCD4-3679DDE3652A}.Release|Any CPU.ActiveCfg = Release|Any CPU
		{091271DA-91E5-4F37-BCD4-3679DDE3652A}.Release|Any CPU.Build.0 = Release|Any CPU
		{03015F3A-6BAF-4DAF-9867-0C1A8E1FE2B8}.Debug|Any CPU.ActiveCfg = Debug|Any CPU
		{03015F3A-6BAF-4DAF-9867-0C1A8E1FE2B8}.Debug|Any CPU.Build.0 = Debug|Any CPU
		{03015F3A-6BAF-4DAF-9867-0C1A8E1FE2B8}.Release|Any CPU.ActiveCfg = Release|Any CPU
		{03015F3A-6BAF-4DAF-9867-0C1A8E1FE2B8}.Release|Any CPU.Build.0 = Release|Any CPU
	EndGlobalSection
	GlobalSection(SolutionProperties) = preSolution
		HideSolutionNode = FALSE
	EndGlobalSection
	GlobalSection(ExtensibilityGlobals) = postSolution
		SolutionGuid = {49BA47BA-4083-4E9D-880D-58DBCC987F67}
	EndGlobalSection
EndGlobal
